// !$*UTF8*$!
{
	archiveVersion = 1;
	classes = {
	};
	objectVersion = 50;
	objects = {

/* Begin PBXBuildFile section */
		47D1E55F25C5FE1A0003DCEE /* AppDelegate.swift in Sources */ = {isa = PBXBuildFile; fileRef = 47D1E55E25C5FE1A0003DCEE /* AppDelegate.swift */; };
		47D1E56125C5FE1A0003DCEE /* SceneDelegate.swift in Sources */ = {isa = PBXBuildFile; fileRef = 47D1E56025C5FE1A0003DCEE /* SceneDelegate.swift */; };
		47D1E56325C5FE1A0003DCEE /* ContentView.swift in Sources */ = {isa = PBXBuildFile; fileRef = 47D1E56225C5FE1A0003DCEE /* ContentView.swift */; };
		47D1E56525C5FE1B0003DCEE /* Assets.xcassets in Resources */ = {isa = PBXBuildFile; fileRef = 47D1E56425C5FE1B0003DCEE /* Assets.xcassets */; };
		47D1E56825C5FE1B0003DCEE /* Preview Assets.xcassets in Resources */ = {isa = PBXBuildFile; fileRef = 47D1E56725C5FE1B0003DCEE /* Preview Assets.xcassets */; };
		47D1E56B25C5FE1B0003DCEE /* LaunchScreen.storyboard in Resources */ = {isa = PBXBuildFile; fileRef = 47D1E56925C5FE1B0003DCEE /* LaunchScreen.storyboard */; };
		47D1E57425C5FE660003DCEE /* Game.swift in Sources */ = {isa = PBXBuildFile; fileRef = 47D1E57325C5FE660003DCEE /* Game.swift */; };
/* End PBXBuildFile section */

/* Begin PBXFileReference section */
		47D1E55B25C5FE1A0003DCEE /* Day3CodingInSwift.app */ = {isa = PBXFileReference; explicitFileType = wrapper.application; includeInIndex = 0; path = Day3CodingInSwift.app; sourceTree = BUILT_PRODUCTS_DIR; };
		47D1E55E25C5FE1A0003DCEE /* AppDelegate.swift */ = {isa = PBXFileReference; lastKnownFileType = sourcecode.swift; path = AppDelegate.swift; sourceTree = "<group>"; };
		47D1E56025C5FE1A0003DCEE /* SceneDelegate.swift */ = {isa = PBXFileReference; lastKnownFileType = sourcecode.swift; path = SceneDelegate.swift; sourceTree = "<group>"; };
		47D1E56225C5FE1A0003DCEE /* ContentView.swift */ = {isa = PBXFileReference; lastKnownFileType = sourcecode.swift; path = ContentView.swift; sourceTree = "<group>"; };
		47D1E56425C5FE1B0003DCEE /* Assets.xcassets */ = {isa = PBXFileReference; lastKnownFileType = folder.assetcatalog; path = Assets.xcassets; sourceTree = "<group>"; };
		47D1E56725C5FE1B0003DCEE /* Preview Assets.xcassets */ = {isa = PBXFileReference; lastKnownFileType = folder.assetcatalog; path = "Preview Assets.xcassets"; sourceTree = "<group>"; };
		47D1E56A25C5FE1B0003DCEE /* Base */ = {isa = PBXFileReference; lastKnownFileType = file.storyboard; name = Base; path = Base.lproj/LaunchScreen.storyboard; sourceTree = "<group>"; };
		47D1E56C25C5FE1B0003DCEE /* Info.plist */ = {isa = PBXFileReference; lastKnownFileType = text.plist.xml; path = Info.plist; sourceTree = "<group>"; };
		47D1E57325C5FE660003DCEE /* Game.swift */ = {isa = PBXFileReference; fileEncoding = 4; lastKnownFileType = sourcecode.swift; path = Game.swift; sourceTree = "<group>"; };
/* End PBXFileReference section */

/* Begin PBXFrameworksBuildPhase section */
		47D1E55825C5FE1A0003DCEE /* Frameworks */ = {
			isa = PBXFrameworksBuildPhase;
			buildActionMask = 2147483647;
			files = (
			);
			runOnlyForDeploymentPostprocessing = 0;
		};
/* End PBXFrameworksBuildPhase section */

/* Begin PBXGroup section */
		47D1E55225C5FE1A0003DCEE = {
			isa = PBXGroup;
			children = (
				47D1E55D25C5FE1A0003DCEE /* Day3CodingInSwift */,
				47D1E55C25C5FE1A0003DCEE /* Products */,
			);
			sourceTree = "<group>";
		};
		47D1E55C25C5FE1A0003DCEE /* Products */ = {
			isa = PBXGroup;
			children = (
				47D1E55B25C5FE1A0003DCEE /* Day3CodingInSwift.app */,
			);
			name = Products;
			sourceTree = "<group>";
		};
		47D1E55D25C5FE1A0003DCEE /* Day3CodingInSwift */ = {
			isa = PBXGroup;
			children = (
				47D1E56C25C5FE1B0003DCEE /* Info.plist */,
				47D1E57625C5FE720003DCEE /* App */,
				47D1E57725C5FE8E0003DCEE /* Views */,
				47D1E57925C5FE950003DCEE /* Models */,
				47D1E56625C5FE1B0003DCEE /* Preview Content */,
			);
			path = Day3CodingInSwift;
			sourceTree = "<group>";
		};
		47D1E56625C5FE1B0003DCEE /* Preview Content */ = {
			isa = PBXGroup;
			children = (
				47D1E56725C5FE1B0003DCEE /* Preview Assets.xcassets */,
			);
			path = "Preview Content";
			sourceTree = "<group>";
		};
		47D1E57625C5FE720003DCEE /* App */ = {
			isa = PBXGroup;
			children = (
				47D1E55E25C5FE1A0003DCEE /* AppDelegate.swift */,
				47D1E56025C5FE1A0003DCEE /* SceneDelegate.swift */,
				47D1E56425C5FE1B0003DCEE /* Assets.xcassets */,
				47D1E56925C5FE1B0003DCEE /* LaunchScreen.storyboard */,
			);
			name = App;
			sourceTree = "<group>";
		};
		47D1E57725C5FE8E0003DCEE /* Views */ = {
			isa = PBXGroup;
			children = (
				47D1E56225C5FE1A0003DCEE /* ContentView.swift */,
			);
			path = Views;
			sourceTree = "<group>";
		};
		47D1E57925C5FE950003DCEE /* Models */ = {
			isa = PBXGroup;
			children = (
				47D1E57325C5FE660003DCEE /* Game.swift */,
			);
			path = Models;
			sourceTree = "<group>";
		};
/* End PBXGroup section */

/* Begin PBXNativeTarget section */
		47D1E55A25C5FE1A0003DCEE /* Day3CodingInSwift */ = {
			isa = PBXNativeTarget;
			buildConfigurationList = 47D1E56F25C5FE1B0003DCEE /* Build configuration list for PBXNativeTarget "Day3CodingInSwift" */;
			buildPhases = (
				47D1E55725C5FE1A0003DCEE /* Sources */,
				47D1E55825C5FE1A0003DCEE /* Frameworks */,
				47D1E55925C5FE1A0003DCEE /* Resources */,
			);
			buildRules = (
			);
			dependencies = (
			);
			name = Day3CodingInSwift;
			productName = Day3CodingInSwift;
			productReference = 47D1E55B25C5FE1A0003DCEE /* Day3CodingInSwift.app */;
			productType = "com.apple.product-type.application";
		};
/* End PBXNativeTarget section */

/* Begin PBXProject section */
		47D1E55325C5FE1A0003DCEE /* Project object */ = {
			isa = PBXProject;
			attributes = {
				LastSwiftUpdateCheck = 1220;
				LastUpgradeCheck = 1220;
				TargetAttributes = {
					47D1E55A25C5FE1A0003DCEE = {
						CreatedOnToolsVersion = 12.2;
					};
				};
			};
			buildConfigurationList = 47D1E55625C5FE1A0003DCEE /* Build configuration list for PBXProject "Day3CodingInSwift" */;
			compatibilityVersion = "Xcode 9.3";
			developmentRegion = en;
			hasScannedForEncodings = 0;
			knownRegions = (
				en,
				Base,
			);
			mainGroup = 47D1E55225C5FE1A0003DCEE;
			productRefGroup = 47D1E55C25C5FE1A0003DCEE /* Products */;
			projectDirPath = "";
			projectRoot = "";
			targets = (
				47D1E55A25C5FE1A0003DCEE /* Day3CodingInSwift */,
			);
		};
/* End PBXProject section */

/* Begin PBXResourcesBuildPhase section */
		47D1E55925C5FE1A0003DCEE /* Resources */ = {
			isa = PBXResourcesBuildPhase;
			buildActionMask = 2147483647;
			files = (
				47D1E56B25C5FE1B0003DCEE /* LaunchScreen.storyboard in Resources */,
				47D1E56825C5FE1B0003DCEE /* Preview Assets.xcassets in Resources */,
				47D1E56525C5FE1B0003DCEE /* Assets.xcassets in Resources */,
			);
			runOnlyForDeploymentPostprocessing = 0;
		};
/* End PBXResourcesBuildPhase section */

/* Begin PBXSourcesBuildPhase section */
		47D1E55725C5FE1A0003DCEE /* Sources */ = {
			isa = PBXSourcesBuildPhase;
			buildActionMask = 2147483647;
			files = (
				47D1E55F25C5FE1A0003DCEE /* AppDelegate.swift in Sources */,
				47D1E56125C5FE1A0003DCEE /* SceneDelegate.swift in Sources */,
				47D1E56325C5FE1A0003DCEE /* ContentView.swift in Sources */,
				47D1E57425C5FE660003DCEE /* Game.swift in Sources */,
			);
			runOnlyForDeploymentPostprocessing = 0;
		};
/* End PBXSourcesBuildPhase section */

/* Begin PBXVariantGroup section */
		47D1E56925C5FE1B0003DCEE /* LaunchScreen.storyboard */ = {
			isa = PBXVariantGroup;
			children = (
				47D1E56A25C5FE1B0003DCEE /* Base */,
			);
			name = LaunchScreen.storyboard;
			sourceTree = "<group>";
		};
/* End PBXVariantGroup section */

/* Begin XCBuildConfiguration section */
		47D1E56D25C5FE1B0003DCEE /* Debug */ = {
			isa = XCBuildConfiguration;
			buildSettings = {
				ALWAYS_SEARCH_USER_PATHS = NO;
				CLANG_ANALYZER_NONNULL = YES;
				CLANG_ANALYZER_NUMBER_OBJECT_CONVERSION = YES_AGGRESSIVE;
				CLANG_CXX_LANGUAGE_STANDARD = "gnu++14";
				CLANG_CXX_LIBRARY = "libc++";
				CLANG_ENABLE_MODULES = YES;
				CLANG_ENABLE_OBJC_ARC = YES;
				CLANG_ENABLE_OBJC_WEAK = YES;
				CLANG_WARN_BLOCK_CAPTURE_AUTORELEASING = YES;
				CLANG_WARN_BOOL_CONVERSION = YES;
				CLANG_WARN_COMMA = YES;
				CLANG_WARN_CONSTANT_CONVERSION = YES;
				CLANG_WARN_DEPRECATED_OBJC_IMPLEMENTATIONS = YES;
				CLANG_WARN_DIRECT_OBJC_ISA_USAGE = YES_ERROR;
				CLANG_WARN_DOCUMENTATION_COMMENTS = YES;
				CLANG_WARN_EMPTY_BODY = YES;
				CLANG_WARN_ENUM_CONVERSION = YES;
				CLANG_WARN_INFINITE_RECURSION = YES;
				CLANG_WARN_INT_CONVERSION = YES;
				CLANG_WARN_NON_LITERAL_NULL_CONVERSION = YES;
				CLANG_WARN_OBJC_IMPLICIT_RETAIN_SELF = YES;
				CLANG_WARN_OBJC_LITERAL_CONVERSION = YES;
				CLANG_WARN_OBJC_ROOT_CLASS = YES_ERROR;
				CLANG_WARN_QUOTED_INCLUDE_IN_FRAMEWORK_HEADER = YES;
				CLANG_WARN_RANGE_LOOP_ANALYSIS = YES;
				CLANG_WARN_STRICT_PROTOTYPES = YES;
				CLANG_WARN_SUSPICIOUS_MOVE = YES;
				CLANG_WARN_UNGUARDED_AVAILABILITY = YES_AGGRESSIVE;
				CLANG_WARN_UNREACHABLE_CODE = YES;
				CLANG_WARN__DUPLICATE_METHOD_MATCH = YES;
				COPY_PHASE_STRIP = NO;
				DEBUG_INFORMATION_FORMAT = dwarf;
				ENABLE_STRICT_OBJC_MSGSEND = YES;
				ENABLE_TESTABILITY = YES;
				GCC_C_LANGUAGE_STANDARD = gnu11;
				GCC_DYNAMIC_NO_PIC = NO;
				GCC_NO_COMMON_BLOCKS = YES;
				GCC_OPTIMIZATION_LEVEL = 0;
				GCC_PREPROCESSOR_DEFINITIONS = (
					"DEBUG=1",
					"$(inherited)",
				);
				GCC_WARN_64_TO_32_BIT_CONVERSION = YES;
				GCC_WARN_ABOUT_RETURN_TYPE = YES_ERROR;
				GCC_WARN_UNDECLARED_SELECTOR = YES;
				GCC_WARN_UNINITIALIZED_AUTOS = YES_AGGRESSIVE;
				GCC_WARN_UNUSED_FUNCTION = YES;
				GCC_WARN_UNUSED_VARIABLE = YES;
				IPHONEOS_DEPLOYMENT_TARGET = 14.2;
				MTL_ENABLE_DEBUG_INFO = INCLUDE_SOURCE;
				MTL_FAST_MATH = YES;
				ONLY_ACTIVE_ARCH = YES;
				SDKROOT = iphoneos;
				SWIFT_ACTIVE_COMPILATION_CONDITIONS = DEBUG;
				SWIFT_OPTIMIZATION_LEVEL = "-Onone";
			};
			name = Debug;
		};
		47D1E56E25C5FE1B0003DCEE /* Release */ = {
			isa = XCBuildConfiguration;
			buildSettings = {
				ALWAYS_SEARCH_USER_PATHS = NO;
				CLANG_ANALYZER_NONNULL = YES;
				CLANG_ANALYZER_NUMBER_OBJECT_CONVERSION = YES_AGGRESSIVE;
				CLANG_CXX_LANGUAGE_STANDARD = "gnu++14";
				CLANG_CXX_LIBRARY = "libc++";
				CLANG_ENABLE_MODULES = YES;
				CLANG_ENABLE_OBJC_ARC = YES;
				CLANG_ENABLE_OBJC_WEAK = YES;
				CLANG_WARN_BLOCK_CAPTURE_AUTORELEASING = YES;
				CLANG_WARN_BOOL_CONVERSION = YES;
				CLANG_WARN_COMMA = YES;
				CLANG_WARN_CONSTANT_CONVERSION = YES;
				CLANG_WARN_DEPRECATED_OBJC_IMPLEMENTATIONS = YES;
				CLANG_WARN_DIRECT_OBJC_ISA_USAGE = YES_ERROR;
				CLANG_WARN_DOCUMENTATION_COMMENTS = YES;
				CLANG_WARN_EMPTY_BODY = YES;
				CLANG_WARN_ENUM_CONVERSION = YES;
				CLANG_WARN_INFINITE_RECURSION = YES;
				CLANG_WARN_INT_CONVERSION = YES;
				CLANG_WARN_NON_LITERAL_NULL_CONVERSION = YES;
				CLANG_WARN_OBJC_IMPLICIT_RETAIN_SELF = YES;
				CLANG_WARN_OBJC_LITERAL_CONVERSION = YES;
				CLANG_WARN_OBJC_ROOT_CLASS = YES_ERROR;
				CLANG_WARN_QUOTED_INCLUDE_IN_FRAMEWORK_HEADER = YES;
				CLANG_WARN_RANGE_LOOP_ANALYSIS = YES;
				CLANG_WARN_STRICT_PROTOTYPES = YES;
				CLANG_WARN_SUSPICIOUS_MOVE = YES;
				CLANG_WARN_UNGUARDED_AVAILABILITY = YES_AGGRESSIVE;
				CLANG_WARN_UNREACHABLE_CODE = YES;
				CLANG_WARN__DUPLICATE_METHOD_MATCH = YES;
				COPY_PHASE_STRIP = NO;
				DEBUG_INFORMATION_FORMAT = "dwarf-with-dsym";
				ENABLE_NS_ASSERTIONS = NO;
				ENABLE_STRICT_OBJC_MSGSEND = YES;
				GCC_C_LANGUAGE_STANDARD = gnu11;
				GCC_NO_COMMON_BLOCKS = YES;
				GCC_WARN_64_TO_32_BIT_CONVERSION = YES;
				GCC_WARN_ABOUT_RETURN_TYPE = YES_ERROR;
				GCC_WARN_UNDECLARED_SELECTOR = YES;
				GCC_WARN_UNINITIALIZED_AUTOS = YES_AGGRESSIVE;
				GCC_WARN_UNUSED_FUNCTION = YES;
				GCC_WARN_UNUSED_VARIABLE = YES;
				IPHONEOS_DEPLOYMENT_TARGET = 14.2;
				MTL_ENABLE_DEBUG_INFO = NO;
				MTL_FAST_MATH = YES;
				SDKROOT = iphoneos;
				SWIFT_COMPILATION_MODE = wholemodule;
				SWIFT_OPTIMIZATION_LEVEL = "-O";
				VALIDATE_PRODUCT = YES;
			};
			name = Release;
		};
		47D1E57025C5FE1B0003DCEE /* Debug */ = {
			isa = XCBuildConfiguration;
			buildSettings = {
				ASSETCATALOG_COMPILER_APPICON_NAME = AppIcon;
				ASSETCATALOG_COMPILER_GLOBAL_ACCENT_COLOR_NAME = AccentColor;
				CODE_SIGN_STYLE = Automatic;
				DEVELOPMENT_ASSET_PATHS = "\"Day3CodingInSwift/Preview Content\"";
				DEVELOPMENT_TEAM = Q5Y5DR73B2;
				ENABLE_PREVIEWS = YES;
				INFOPLIST_FILE = Day3CodingInSwift/Info.plist;
				LD_RUNPATH_SEARCH_PATHS = (
					"$(inherited)",
					"@executable_path/Frameworks",
				);
				PRODUCT_BUNDLE_IDENTIFIER = com.aoomle.Day3CodingInSwift;
				PRODUCT_NAME = "$(TARGET_NAME)";
				SWIFT_VERSION = 5.0;
				TARGETED_DEVICE_FAMILY = "1,2";
			};
			name = Debug;
		};
		47D1E57125C5FE1B0003DCEE /* Release */ = {
			isa = XCBuildConfiguration;
			buildSettings = {
				ASSETCATALOG_COMPILER_APPICON_NAME = AppIcon;
				ASSETCATALOG_COMPILER_GLOBAL_ACCENT_COLOR_NAME = AccentColor;
				CODE_SIGN_STYLE = Automatic;
				DEVELOPMENT_ASSET_PATHS = "\"Day3CodingInSwift/Preview Content\"";
				DEVELOPMENT_TEAM = Q5Y5DR73B2;
				ENABLE_PREVIEWS = YES;
				INFOPLIST_FILE = Day3CodingInSwift/Info.plist;
				LD_RUNPATH_SEARCH_PATHS = (
					"$(inherited)",
					"@executable_path/Frameworks",
				);
				PRODUCT_BUNDLE_IDENTIFIER = com.aoomle.Day3CodingInSwift;
				PRODUCT_NAME = "$(TARGET_NAME)";
				SWIFT_VERSION = 5.0;
				TARGETED_DEVICE_FAMILY = "1,2";
			};
			name = Release;
		};
/* End XCBuildConfiguration section */

/* Begin XCConfigurationList section */
		47D1E55625C5FE1A0003DCEE /* Build configuration list for PBXProject "Day3CodingInSwift" */ = {
			isa = XCConfigurationList;
			buildConfigurations = (
				47D1E56D25C5FE1B0003DCEE /* Debug */,
				47D1E56E25C5FE1B0003DCEE /* Release */,
			);
			defaultConfigurationIsVisible = 0;
			defaultConfigurationName = Release;
		};
		47D1E56F25C5FE1B0003DCEE /* Build configuration list for PBXNativeTarget "Day3CodingInSwift" */ = {
			isa = XCConfigurationList;
			buildConfigurations = (
				47D1E57025C5FE1B0003DCEE /* Debug */,
				47D1E57125C5FE1B0003DCEE /* Release */,
			);
			defaultConfigurationIsVisible = 0;
			defaultConfigurationName = Release;
		};
/* End XCConfigurationList section */
	};
	rootObject = 47D1E55325C5FE1A0003DCEE /* Project object */;
}
